
Microsoft Visual Studio Solution File, Format Version 11.00
# Visual Studio 2010
Project("{FAE04EC0-301F-11D3-BF4B-00C04F79EFBC}") = "XamDataGrid.Zoomable", "XamDataGrid.Zoomable.csproj", "{92C3A3D6-C1F1-4EC1-93B6-9DAF9BEFA2DF}"
EndProject
Global
	GlobalSection(SolutionConfigurationPlatforms) = preSolution
		Debug|x86 = Debug|x86
		Release|x86 = Release|x86
	EndGlobalSection
	GlobalSection(ProjectConfigurationPlatforms) = postSolution
		{92C3A3D6-C1F1-4EC1-93B6-9DAF9BEFA2DF}.Debug|x86.ActiveCfg = Debug|x86
		{92C3A3D6-C1F1-4EC1-93B6-9DAF9BEFA2DF}.Debug|x86.Build.0 = Debug|x86
		{92C3A3D6-C1F1-4EC1-93B6-9DAF9BEFA2DF}.Release|x86.ActiveCfg = Release|x86
		{92C3A3D6-C1F1-4EC1-93B6-9DAF9BEFA2DF}.Release|x86.Build.0 = Release|x86
	EndGlobalSection
	GlobalSection(SolutionProperties) = preSolution
		HideSolutionNode = FALSE
	EndGlobalSection
EndGlobal
